{
  "name": "Portfolio",
  "lockfileVersion": 2,
  "requires": true,
  "packages": {
    "": {
      "dependencies": {
        "gsap": "file:gsap-bonus.tgz"
      }
    },
    "node_modules/gsap": {
      "version": "3.7.1",
      "resolved": "file:gsap-bonus.tgz",
      "integrity": "sha512-vvLunpV7VusITuZlyVF7VSn5h79GNXlBs66+b1H6LRwWr2tr9ZWx2X1zqKiWha+x/cgx7y3NhqzukOpKFVN+Cw==",
      "license": "Standard 'no charge' license: https://greensock.com/standard-license. Club GreenSock members get more: https://greensock.com/licensing/. Why GreenSock doesn't employ an MIT license: https://greensock.com/why-license/"
    }
  },
  "dependencies": {
    "gsap": {
      "version": "file:gsap-bonus.tgz",
      "integrity": "sha512-vvLunpV7VusITuZlyVF7VSn5h79GNXlBs66+b1H6LRwWr2tr9ZWx2X1zqKiWha+x/cgx7y3NhqzukOpKFVN+Cw=="
    }
  }
}
